// !$*UTF8*$!
{
	archiveVersion = 1;
	classes = {
	};
	objectVersion = 46;
	objects = {

/* Begin PBXBuildFile section */
		042B91161CF6982C005972B7 /* Main.storyboard in Resources */ = {isa = PBXBuildFile; fileRef = 042B91141CF6982C005972B7 /* Main.storyboard */; };
		042B91191CF6982C005972B7 /* PhotographyChannel.xcdatamodeld in Sources */ = {isa = PBXBuildFile; fileRef = 042B91171CF6982C005972B7 /* PhotographyChannel.xcdatamodeld */; };
		042B911B1CF6982C005972B7 /* Assets.xcassets in Resources */ = {isa = PBXBuildFile; fileRef = 042B911A1CF6982C005972B7 /* Assets.xcassets */; };
		042B911E1CF6982C005972B7 /* LaunchScreen.storyboard in Resources */ = {isa = PBXBuildFile; fileRef = 042B911C1CF6982C005972B7 /* LaunchScreen.storyboard */; };
		042B91291CF6982C005972B7 /* PhotographyChannelTests.m in Sources */ = {isa = PBXBuildFile; fileRef = 042B91281CF6982C005972B7 /* PhotographyChannelTests.m */; };
		042B91341CF6982C005972B7 /* PhotographyChannelUITests.m in Sources */ = {isa = PBXBuildFile; fileRef = 042B91331CF6982C005972B7 /* PhotographyChannelUITests.m */; };
		042B91851CF8252C005972B7 /* AppDelegate.m in Sources */ = {isa = PBXBuildFile; fileRef = 042B91711CF8252C005972B7 /* AppDelegate.m */; };
		042B91861CF8252C005972B7 /* LeftSlidViewController.m in Sources */ = {isa = PBXBuildFile; fileRef = 042B91731CF8252C005972B7 /* LeftSlidViewController.m */; };
		042B91871CF8252C005972B7 /* main.m in Sources */ = {isa = PBXBuildFile; fileRef = 042B91741CF8252C005972B7 /* main.m */; };
		042B91881CF8252C005972B7 /* MyAlbumViewController.m in Sources */ = {isa = PBXBuildFile; fileRef = 042B91781CF8252C005972B7 /* MyAlbumViewController.m */; };
		042B91891CF8252C005972B7 /* PersonalCenterViewController.m in Sources */ = {isa = PBXBuildFile; fileRef = 042B917A1CF8252C005972B7 /* PersonalCenterViewController.m */; };
		042B918A1CF8252C005972B7 /* PersonalCenterUIModel.m in Sources */ = {isa = PBXBuildFile; fileRef = 042B917D1CF8252C005972B7 /* PersonalCenterUIModel.m */; };
		042B918B1CF8252C005972B7 /* UserInfoModel.m in Sources */ = {isa = PBXBuildFile; fileRef = 042B917F1CF8252C005972B7 /* UserInfoModel.m */; };
		042B918C1CF8252C005972B7 /* PersonalCenterHeadView.m in Sources */ = {isa = PBXBuildFile; fileRef = 042B91821CF8252C005972B7 /* PersonalCenterHeadView.m */; };
		042B918D1CF8252C005972B7 /* PersonalCenterTableViewCell.m in Sources */ = {isa = PBXBuildFile; fileRef = 042B91841CF8252C005972B7 /* PersonalCenterTableViewCell.m */; };
		042B91AB1CF83E4F005972B7 /* NSObject+Extension.m in Sources */ = {isa = PBXBuildFile; fileRef = 042B91A21CF83E4F005972B7 /* NSObject+Extension.m */; };
		042B91AC1CF83E4F005972B7 /* NSString+Extension.m in Sources */ = {isa = PBXBuildFile; fileRef = 042B91A41CF83E4F005972B7 /* NSString+Extension.m */; };
		042B91AD1CF83E4F005972B7 /* UIBarButtonItem+Extension.m in Sources */ = {isa = PBXBuildFile; fileRef = 042B91A61CF83E4F005972B7 /* UIBarButtonItem+Extension.m */; };
		042B91AE1CF83E4F005972B7 /* UIView+Extension.m in Sources */ = {isa = PBXBuildFile; fileRef = 042B91A81CF83E4F005972B7 /* UIView+Extension.m */; };
		042B91AF1CF83E4F005972B7 /* UPPayPluginProSDKNeedObj.mm in Sources */ = {isa = PBXBuildFile; fileRef = 042B91AA1CF83E4F005972B7 /* UPPayPluginProSDKNeedObj.mm */; };
		042B91B21CF83F72005972B7 /* SettingViewController.m in Sources */ = {isa = PBXBuildFile; fileRef = 042B91B11CF83F72005972B7 /* SettingViewController.m */; };
		042B91B81CF843A5005972B7 /* NetRequestInterface.m in Sources */ = {isa = PBXBuildFile; fileRef = 042B91B51CF843A5005972B7 /* NetRequestInterface.m */; };
		042B91B91CF843A5005972B7 /* NetRequestParameter.m in Sources */ = {isa = PBXBuildFile; fileRef = 042B91B71CF843A5005972B7 /* NetRequestParameter.m */; };
		042B91BB1CF848EA005972B7 /* Login.storyboard in Resources */ = {isa = PBXBuildFile; fileRef = 042B91BA1CF848EA005972B7 /* Login.storyboard */; };
		042B91BF1CF8497D005972B7 /* LoginViewController.m in Sources */ = {isa = PBXBuildFile; fileRef = 042B91BE1CF8497D005972B7 /* LoginViewController.m */; };
		7B20367205CC23CC19D036C8 /* libPods-PhotographyChannel.a in Frameworks */ = {isa = PBXBuildFile; fileRef = 6A7CEECA883EBED49976B98A /* libPods-PhotographyChannel.a */; };
/* End PBXBuildFile section */

/* Begin PBXContainerItemProxy section */
		042B91251CF6982C005972B7 /* PBXContainerItemProxy */ = {
			isa = PBXContainerItemProxy;
			containerPortal = 042B91001CF6982C005972B7 /* Project object */;
			proxyType = 1;
			remoteGlobalIDString = 042B91071CF6982C005972B7;
			remoteInfo = PhotographyChannel;
		};
		042B91301CF6982C005972B7 /* PBXContainerItemProxy */ = {
			isa = PBXContainerItemProxy;
			containerPortal = 042B91001CF6982C005972B7 /* Project object */;
			proxyType = 1;
			remoteGlobalIDString = 042B91071CF6982C005972B7;
			remoteInfo = PhotographyChannel;
		};
/* End PBXContainerItemProxy section */

/* Begin PBXFileReference section */
		042B91081CF6982C005972B7 /* PhotographyChannel.app */ = {isa = PBXFileReference; explicitFileType = wrapper.application; includeInIndex = 0; path = PhotographyChannel.app; sourceTree = BUILT_PRODUCTS_DIR; };
		042B910C1CF6982C005972B7 /* main.m */ = {isa = PBXFileReference; lastKnownFileType = sourcecode.c.objc; path = main.m; sourceTree = "<group>"; };
		042B91151CF6982C005972B7 /* Base */ = {isa = PBXFileReference; lastKnownFileType = file.storyboard; name = Base; path = Base.lproj/Main.storyboard; sourceTree = "<group>"; };
		042B91181CF6982C005972B7 /* PhotographyChannel.xcdatamodel */ = {isa = PBXFileReference; lastKnownFileType = wrapper.xcdatamodel; path = PhotographyChannel.xcdatamodel; sourceTree = "<group>"; };
		042B911A1CF6982C005972B7 /* Assets.xcassets */ = {isa = PBXFileReference; lastKnownFileType = folder.assetcatalog; path = Assets.xcassets; sourceTree = "<group>"; };
		042B911D1CF6982C005972B7 /* Base */ = {isa = PBXFileReference; lastKnownFileType = file.storyboard; name = Base; path = Base.lproj/LaunchScreen.storyboard; sourceTree = "<group>"; };
		042B911F1CF6982C005972B7 /* Info.plist */ = {isa = PBXFileReference; lastKnownFileType = text.plist.xml; path = Info.plist; sourceTree = "<group>"; };
		042B91241CF6982C005972B7 /* PhotographyChannelTests.xctest */ = {isa = PBXFileReference; explicitFileType = wrapper.cfbundle; includeInIndex = 0; path = PhotographyChannelTests.xctest; sourceTree = BUILT_PRODUCTS_DIR; };
		042B91281CF6982C005972B7 /* PhotographyChannelTests.m */ = {isa = PBXFileReference; lastKnownFileType = sourcecode.c.objc; path = PhotographyChannelTests.m; sourceTree = "<group>"; };
		042B912A1CF6982C005972B7 /* Info.plist */ = {isa = PBXFileReference; lastKnownFileType = text.plist.xml; path = Info.plist; sourceTree = "<group>"; };
		042B912F1CF6982C005972B7 /* PhotographyChannelUITests.xctest */ = {isa = PBXFileReference; explicitFileType = wrapper.cfbundle; includeInIndex = 0; path = PhotographyChannelUITests.xctest; sourceTree = BUILT_PRODUCTS_DIR; };
		042B91331CF6982C005972B7 /* PhotographyChannelUITests.m */ = {isa = PBXFileReference; lastKnownFileType = sourcecode.c.objc; path = PhotographyChannelUITests.m; sourceTree = "<group>"; };
		042B91351CF6982C005972B7 /* Info.plist */ = {isa = PBXFileReference; lastKnownFileType = text.plist.xml; path = Info.plist; sourceTree = "<group>"; };
		042B91641CF822D5005972B7 /* PrefixHeader.pch */ = {isa = PBXFileReference; lastKnownFileType = sourcecode.c.h; path = PrefixHeader.pch; sourceTree = "<group>"; };
		042B91701CF8252C005972B7 /* AppDelegate.h */ = {isa = PBXFileReference; fileEncoding = 4; lastKnownFileType = sourcecode.c.h; path = AppDelegate.h; sourceTree = "<group>"; };
		042B91711CF8252C005972B7 /* AppDelegate.m */ = {isa = PBXFileReference; fileEncoding = 4; lastKnownFileType = sourcecode.c.objc; path = AppDelegate.m; sourceTree = "<group>"; };
		042B91721CF8252C005972B7 /* LeftSlidViewController.h */ = {isa = PBXFileReference; fileEncoding = 4; lastKnownFileType = sourcecode.c.h; path = LeftSlidViewController.h; sourceTree = "<group>"; };
		042B91731CF8252C005972B7 /* LeftSlidViewController.m */ = {isa = PBXFileReference; fileEncoding = 4; lastKnownFileType = sourcecode.c.objc; path = LeftSlidViewController.m; sourceTree = "<group>"; };
		042B91741CF8252C005972B7 /* main.m */ = {isa = PBXFileReference; fileEncoding = 4; lastKnownFileType = sourcecode.c.objc; path = main.m; sourceTree = "<group>"; };
		042B91771CF8252C005972B7 /* MyAlbumViewController.h */ = {isa = PBXFileReference; fileEncoding = 4; lastKnownFileType = sourcecode.c.h; path = MyAlbumViewController.h; sourceTree = "<group>"; };
		042B91781CF8252C005972B7 /* MyAlbumViewController.m */ = {isa = PBXFileReference; fileEncoding = 4; lastKnownFileType = sourcecode.c.objc; path = MyAlbumViewController.m; sourceTree = "<group>"; };
		042B91791CF8252C005972B7 /* PersonalCenterViewController.h */ = {isa = PBXFileReference; fileEncoding = 4; lastKnownFileType = sourcecode.c.h; path = PersonalCenterViewController.h; sourceTree = "<group>"; };
		042B917A1CF8252C005972B7 /* PersonalCenterViewController.m */ = {isa = PBXFileReference; fileEncoding = 4; lastKnownFileType = sourcecode.c.objc; path = PersonalCenterViewController.m; sourceTree = "<group>"; };
		042B917C1CF8252C005972B7 /* PersonalCenterUIModel.h */ = {isa = PBXFileReference; fileEncoding = 4; lastKnownFileType = sourcecode.c.h; path = PersonalCenterUIModel.h; sourceTree = "<group>"; };
		042B917D1CF8252C005972B7 /* PersonalCenterUIModel.m */ = {isa = PBXFileReference; fileEncoding = 4; lastKnownFileType = sourcecode.c.objc; path = PersonalCenterUIModel.m; sourceTree = "<group>"; };
		042B917E1CF8252C005972B7 /* UserInfoModel.h */ = {isa = PBXFileReference; fileEncoding = 4; lastKnownFileType = sourcecode.c.h; path = UserInfoModel.h; sourceTree = "<group>"; };
		042B917F1CF8252C005972B7 /* UserInfoModel.m */ = {isa = PBXFileReference; fileEncoding = 4; lastKnownFileType = sourcecode.c.objc; path = UserInfoModel.m; sourceTree = "<group>"; };
		042B91811CF8252C005972B7 /* PersonalCenterHeadView.h */ = {isa = PBXFileReference; fileEncoding = 4; lastKnownFileType = sourcecode.c.h; path = PersonalCenterHeadView.h; sourceTree = "<group>"; };
		042B91821CF8252C005972B7 /* PersonalCenterHeadView.m */ = {isa = PBXFileReference; fileEncoding = 4; lastKnownFileType = sourcecode.c.objc; path = PersonalCenterHeadView.m; sourceTree = "<group>"; };
		042B91831CF8252C005972B7 /* PersonalCenterTableViewCell.h */ = {isa = PBXFileReference; fileEncoding = 4; lastKnownFileType = sourcecode.c.h; path = PersonalCenterTableViewCell.h; sourceTree = "<group>"; };
		042B91841CF8252C005972B7 /* PersonalCenterTableViewCell.m */ = {isa = PBXFileReference; fileEncoding = 4; lastKnownFileType = sourcecode.c.objc; path = PersonalCenterTableViewCell.m; sourceTree = "<group>"; };
		042B91A11CF83E4F005972B7 /* NSObject+Extension.h */ = {isa = PBXFileReference; fileEncoding = 4; lastKnownFileType = sourcecode.c.h; path = "NSObject+Extension.h"; sourceTree = "<group>"; };
		042B91A21CF83E4F005972B7 /* NSObject+Extension.m */ = {isa = PBXFileReference; fileEncoding = 4; lastKnownFileType = sourcecode.c.objc; path = "NSObject+Extension.m"; sourceTree = "<group>"; };
		042B91A31CF83E4F005972B7 /* NSString+Extension.h */ = {isa = PBXFileReference; fileEncoding = 4; lastKnownFileType = sourcecode.c.h; path = "NSString+Extension.h"; sourceTree = "<group>"; };
		042B91A41CF83E4F005972B7 /* NSString+Extension.m */ = {isa = PBXFileReference; fileEncoding = 4; lastKnownFileType = sourcecode.c.objc; path = "NSString+Extension.m"; sourceTree = "<group>"; };
		042B91A51CF83E4F005972B7 /* UIBarButtonItem+Extension.h */ = {isa = PBXFileReference; fileEncoding = 4; lastKnownFileType = sourcecode.c.h; path = "UIBarButtonItem+Extension.h"; sourceTree = "<group>"; };
		042B91A61CF83E4F005972B7 /* UIBarButtonItem+Extension.m */ = {isa = PBXFileReference; fileEncoding = 4; lastKnownFileType = sourcecode.c.objc; path = "UIBarButtonItem+Extension.m"; sourceTree = "<group>"; };
		042B91A71CF83E4F005972B7 /* UIView+Extension.h */ = {isa = PBXFileReference; fileEncoding = 4; lastKnownFileType = sourcecode.c.h; path = "UIView+Extension.h"; sourceTree = "<group>"; };
		042B91A81CF83E4F005972B7 /* UIView+Extension.m */ = {isa = PBXFileReference; fileEncoding = 4; lastKnownFileType = sourcecode.c.objc; path = "UIView+Extension.m"; sourceTree = "<group>"; };
		042B91A91CF83E4F005972B7 /* UPPayPluginProSDKNeedObj.h */ = {isa = PBXFileReference; fileEncoding = 4; lastKnownFileType = sourcecode.c.h; path = UPPayPluginProSDKNeedObj.h; sourceTree = "<group>"; };
		042B91AA1CF83E4F005972B7 /* UPPayPluginProSDKNeedObj.mm */ = {isa = PBXFileReference; fileEncoding = 4; lastKnownFileType = sourcecode.cpp.objcpp; path = UPPayPluginProSDKNeedObj.mm; sourceTree = "<group>"; };
		042B91B01CF83F72005972B7 /* SettingViewController.h */ = {isa = PBXFileReference; fileEncoding = 4; lastKnownFileType = sourcecode.c.h; path = SettingViewController.h; sourceTree = "<group>"; };
		042B91B11CF83F72005972B7 /* SettingViewController.m */ = {isa = PBXFileReference; fileEncoding = 4; lastKnownFileType = sourcecode.c.objc; path = SettingViewController.m; sourceTree = "<group>"; };
		042B91B31CF843A5005972B7 /* NetInterfaceConfig.h */ = {isa = PBXFileReference; fileEncoding = 4; lastKnownFileType = sourcecode.c.h; path = NetInterfaceConfig.h; sourceTree = "<group>"; };
		042B91B41CF843A5005972B7 /* NetRequestInterface.h */ = {isa = PBXFileReference; fileEncoding = 4; lastKnownFileType = sourcecode.c.h; path = NetRequestInterface.h; sourceTree = "<group>"; };
		042B91B51CF843A5005972B7 /* NetRequestInterface.m */ = {isa = PBXFileReference; fileEncoding = 4; lastKnownFileType = sourcecode.c.objc; path = NetRequestInterface.m; sourceTree = "<group>"; };
		042B91B61CF843A5005972B7 /* NetRequestParameter.h */ = {isa = PBXFileReference; fileEncoding = 4; lastKnownFileType = sourcecode.c.h; path = NetRequestParameter.h; sourceTree = "<group>"; };
		042B91B71CF843A5005972B7 /* NetRequestParameter.m */ = {isa = PBXFileReference; fileEncoding = 4; lastKnownFileType = sourcecode.c.objc; path = NetRequestParameter.m; sourceTree = "<group>"; };
		042B91BA1CF848EA005972B7 /* Login.storyboard */ = {isa = PBXFileReference; fileEncoding = 4; lastKnownFileType = file.storyboard; path = Login.storyboard; sourceTree = "<group>"; };
		042B91BD1CF8497D005972B7 /* LoginViewController.h */ = {isa = PBXFileReference; fileEncoding = 4; lastKnownFileType = sourcecode.c.h; path = LoginViewController.h; sourceTree = "<group>"; };
		042B91BE1CF8497D005972B7 /* LoginViewController.m */ = {isa = PBXFileReference; fileEncoding = 4; lastKnownFileType = sourcecode.c.objc; path = LoginViewController.m; sourceTree = "<group>"; };
		2DAB1C546C15C43A73A90DD3 /* Pods-PhotographyChannel.release.xcconfig */ = {isa = PBXFileReference; includeInIndex = 1; lastKnownFileType = text.xcconfig; name = "Pods-PhotographyChannel.release.xcconfig"; path = "Pods/Target Support Files/Pods-PhotographyChannel/Pods-PhotographyChannel.release.xcconfig"; sourceTree = "<group>"; };
		6A7CEECA883EBED49976B98A /* libPods-PhotographyChannel.a */ = {isa = PBXFileReference; explicitFileType = archive.ar; includeInIndex = 0; path = "libPods-PhotographyChannel.a"; sourceTree = BUILT_PRODUCTS_DIR; };
		E1DE96D54621D4FE0DAF5940 /* Pods-PhotographyChannel.debug.xcconfig */ = {isa = PBXFileReference; includeInIndex = 1; lastKnownFileType = text.xcconfig; name = "Pods-PhotographyChannel.debug.xcconfig"; path = "Pods/Target Support Files/Pods-PhotographyChannel/Pods-PhotographyChannel.debug.xcconfig"; sourceTree = "<group>"; };
/* End PBXFileReference section */

/* Begin PBXFrameworksBuildPhase section */
		042B91051CF6982C005972B7 /* Frameworks */ = {
			isa = PBXFrameworksBuildPhase;
			buildActionMask = 2147483647;
			files = (
				7B20367205CC23CC19D036C8 /* libPods-PhotographyChannel.a in Frameworks */,
			);
			runOnlyForDeploymentPostprocessing = 0;
		};
		042B91211CF6982C005972B7 /* Frameworks */ = {
			isa = PBXFrameworksBuildPhase;
			buildActionMask = 2147483647;
			files = (
			);
			runOnlyForDeploymentPostprocessing = 0;
		};
		042B912C1CF6982C005972B7 /* Frameworks */ = {
			isa = PBXFrameworksBuildPhase;
			buildActionMask = 2147483647;
			files = (
			);
			runOnlyForDeploymentPostprocessing = 0;
		};
/* End PBXFrameworksBuildPhase section */

/* Begin PBXGroup section */
		042B90FF1CF6982C005972B7 = {
			isa = PBXGroup;
			children = (
				042B910A1CF6982C005972B7 /* PhotographyChannel */,
				042B91271CF6982C005972B7 /* PhotographyChannelTests */,
				042B91321CF6982C005972B7 /* PhotographyChannelUITests */,
				042B91091CF6982C005972B7 /* Products */,
				7CB43BB353423691DF00805C /* Pods */,
				CF449121631BF563E644D1C3 /* Frameworks */,
			);
			sourceTree = "<group>";
		};
		042B91091CF6982C005972B7 /* Products */ = {
			isa = PBXGroup;
			children = (
				042B91081CF6982C005972B7 /* PhotographyChannel.app */,
				042B91241CF6982C005972B7 /* PhotographyChannelTests.xctest */,
				042B912F1CF6982C005972B7 /* PhotographyChannelUITests.xctest */,
			);
			name = Products;
			sourceTree = "<group>";
		};
		042B910A1CF6982C005972B7 /* PhotographyChannel */ = {
			isa = PBXGroup;
			children = (
				042B918E1CF83DE2005972B7 /* Net */,
				042B918F1CF83DE2005972B7 /* Other */,
				042B91901CF83DE2005972B7 /* Tool */,
				042B916E1CF8252C005972B7 /* Classes */,
				042B91141CF6982C005972B7 /* Main.storyboard */,
				042B91BA1CF848EA005972B7 /* Login.storyboard */,
				042B911A1CF6982C005972B7 /* Assets.xcassets */,
				042B911C1CF6982C005972B7 /* LaunchScreen.storyboard */,
				042B911F1CF6982C005972B7 /* Info.plist */,
				042B91641CF822D5005972B7 /* PrefixHeader.pch */,
				042B91171CF6982C005972B7 /* PhotographyChannel.xcdatamodeld */,
				042B910B1CF6982C005972B7 /* Supporting Files */,
			);
			path = PhotographyChannel;
			sourceTree = "<group>";
		};
		042B910B1CF6982C005972B7 /* Supporting Files */ = {
			isa = PBXGroup;
			children = (
				042B910C1CF6982C005972B7 /* main.m */,
			);
			name = "Supporting Files";
			sourceTree = "<group>";
		};
		042B91271CF6982C005972B7 /* PhotographyChannelTests */ = {
			isa = PBXGroup;
			children = (
				042B91281CF6982C005972B7 /* PhotographyChannelTests.m */,
				042B912A1CF6982C005972B7 /* Info.plist */,
			);
			path = PhotographyChannelTests;
			sourceTree = "<group>";
		};
		042B91321CF6982C005972B7 /* PhotographyChannelUITests */ = {
			isa = PBXGroup;
			children = (
				042B91331CF6982C005972B7 /* PhotographyChannelUITests.m */,
				042B91351CF6982C005972B7 /* Info.plist */,
			);
			path = PhotographyChannelUITests;
			sourceTree = "<group>";
		};
		042B916E1CF8252C005972B7 /* Classes */ = {
			isa = PBXGroup;
			children = (
				042B91BC1CF84969005972B7 /* Login */,
				042B916F1CF8252C005972B7 /* Main */,
				042B91751CF8252C005972B7 /* PersonalCenter */,
			);
			path = Classes;
			sourceTree = "<group>";
		};
		042B916F1CF8252C005972B7 /* Main */ = {
			isa = PBXGroup;
			children = (
				042B91701CF8252C005972B7 /* AppDelegate.h */,
				042B91711CF8252C005972B7 /* AppDelegate.m */,
				042B91721CF8252C005972B7 /* LeftSlidViewController.h */,
				042B91731CF8252C005972B7 /* LeftSlidViewController.m */,
				042B91741CF8252C005972B7 /* main.m */,
			);
			path = Main;
			sourceTree = "<group>";
		};
		042B91751CF8252C005972B7 /* PersonalCenter */ = {
			isa = PBXGroup;
			children = (
				042B91761CF8252C005972B7 /* Controller */,
				042B917B1CF8252C005972B7 /* Model */,
				042B91801CF8252C005972B7 /* View */,
			);
			path = PersonalCenter;
			sourceTree = "<group>";
		};
		042B91761CF8252C005972B7 /* Controller */ = {
			isa = PBXGroup;
			children = (
				042B91771CF8252C005972B7 /* MyAlbumViewController.h */,
				042B91781CF8252C005972B7 /* MyAlbumViewController.m */,
				042B91791CF8252C005972B7 /* PersonalCenterViewController.h */,
				042B917A1CF8252C005972B7 /* PersonalCenterViewController.m */,
				042B91B01CF83F72005972B7 /* SettingViewController.h */,
				042B91B11CF83F72005972B7 /* SettingViewController.m */,
			);
			path = Controller;
			sourceTree = "<group>";
		};
		042B917B1CF8252C005972B7 /* Model */ = {
			isa = PBXGroup;
			children = (
				042B917C1CF8252C005972B7 /* PersonalCenterUIModel.h */,
				042B917D1CF8252C005972B7 /* PersonalCenterUIModel.m */,
				042B917E1CF8252C005972B7 /* UserInfoModel.h */,
				042B917F1CF8252C005972B7 /* UserInfoModel.m */,
			);
			path = Model;
			sourceTree = "<group>";
		};
		042B91801CF8252C005972B7 /* View */ = {
			isa = PBXGroup;
			children = (
				042B91811CF8252C005972B7 /* PersonalCenterHeadView.h */,
				042B91821CF8252C005972B7 /* PersonalCenterHeadView.m */,
				042B91831CF8252C005972B7 /* PersonalCenterTableViewCell.h */,
				042B91841CF8252C005972B7 /* PersonalCenterTableViewCell.m */,
			);
			path = View;
			sourceTree = "<group>";
		};
		042B918E1CF83DE2005972B7 /* Net */ = {
			isa = PBXGroup;
			children = (
				042B91B31CF843A5005972B7 /* NetInterfaceConfig.h */,
				042B91B41CF843A5005972B7 /* NetRequestInterface.h */,
				042B91B51CF843A5005972B7 /* NetRequestInterface.m */,
				042B91B61CF843A5005972B7 /* NetRequestParameter.h */,
				042B91B71CF843A5005972B7 /* NetRequestParameter.m */,
			);
			path = Net;
			sourceTree = "<group>";
		};
		042B918F1CF83DE2005972B7 /* Other */ = {
			isa = PBXGroup;
			children = (
			);
			path = Other;
			sourceTree = "<group>";
		};
		042B91901CF83DE2005972B7 /* Tool */ = {
			isa = PBXGroup;
			children = (
				042B91A01CF83E4F005972B7 /* Extension */,
			);
			path = Tool;
			sourceTree = "<group>";
		};
		042B91A01CF83E4F005972B7 /* Extension */ = {
			isa = PBXGroup;
			children = (
				042B91A11CF83E4F005972B7 /* NSObject+Extension.h */,
				042B91A21CF83E4F005972B7 /* NSObject+Extension.m */,
				042B91A31CF83E4F005972B7 /* NSString+Extension.h */,
				042B91A41CF83E4F005972B7 /* NSString+Extension.m */,
				042B91A51CF83E4F005972B7 /* UIBarButtonItem+Extension.h */,
				042B91A61CF83E4F005972B7 /* UIBarButtonItem+Extension.m */,
				042B91A71CF83E4F005972B7 /* UIView+Extension.h */,
				042B91A81CF83E4F005972B7 /* UIView+Extension.m */,
				042B91A91CF83E4F005972B7 /* UPPayPluginProSDKNeedObj.h */,
				042B91AA1CF83E4F005972B7 /* UPPayPluginProSDKNeedObj.mm */,
			);
			path = Extension;
			sourceTree = "<group>";
		};
		042B91BC1CF84969005972B7 /* Login */ = {
			isa = PBXGroup;
			children = (
				042B91BD1CF8497D005972B7 /* LoginViewController.h */,
				042B91BE1CF8497D005972B7 /* LoginViewController.m */,
			);
			path = Login;
			sourceTree = "<group>";
		};
		7CB43BB353423691DF00805C /* Pods */ = {
			isa = PBXGroup;
			children = (
				E1DE96D54621D4FE0DAF5940 /* Pods-PhotographyChannel.debug.xcconfig */,
				2DAB1C546C15C43A73A90DD3 /* Pods-PhotographyChannel.release.xcconfig */,
			);
			name = Pods;
			sourceTree = "<group>";
		};
		CF449121631BF563E644D1C3 /* Frameworks */ = {
			isa = PBXGroup;
			children = (
				6A7CEECA883EBED49976B98A /* libPods-PhotographyChannel.a */,
			);
			name = Frameworks;
			sourceTree = "<group>";
		};
/* End PBXGroup section */

/* Begin PBXNativeTarget section */
		042B91071CF6982C005972B7 /* PhotographyChannel */ = {
			isa = PBXNativeTarget;
			buildConfigurationList = 042B91381CF6982C005972B7 /* Build configuration list for PBXNativeTarget "PhotographyChannel" */;
			buildPhases = (
				199B9C4D80A82497CA4DD61A /* 📦 Check Pods Manifest.lock */,
				042B91041CF6982C005972B7 /* Sources */,
				042B91051CF6982C005972B7 /* Frameworks */,
				042B91061CF6982C005972B7 /* Resources */,
				5496C8CDBC0662783CD5B523 /* 📦 Embed Pods Frameworks */,
				EF677A10AB7DA4F34BC644BF /* 📦 Copy Pods Resources */,
			);
			buildRules = (
			);
			dependencies = (
			);
			name = PhotographyChannel;
			productName = PhotographyChannel;
			productReference = 042B91081CF6982C005972B7 /* PhotographyChannel.app */;
			productType = "com.apple.product-type.application";
		};
		042B91231CF6982C005972B7 /* PhotographyChannelTests */ = {
			isa = PBXNativeTarget;
			buildConfigurationList = 042B913B1CF6982C005972B7 /* Build configuration list for PBXNativeTarget "PhotographyChannelTests" */;
			buildPhases = (
				042B91201CF6982C005972B7 /* Sources */,
				042B91211CF6982C005972B7 /* Frameworks */,
				042B91221CF6982C005972B7 /* Resources */,
			);
			buildRules = (
			);
			dependencies = (
				042B91261CF6982C005972B7 /* PBXTargetDependency */,
			);
			name = PhotographyChannelTests;
			productName = PhotographyChannelTests;
			productReference = 042B91241CF6982C005972B7 /* PhotographyChannelTests.xctest */;
			productType = "com.apple.product-type.bundle.unit-test";
		};
		042B912E1CF6982C005972B7 /* PhotographyChannelUITests */ = {
			isa = PBXNativeTarget;
			buildConfigurationList = 042B913E1CF6982C005972B7 /* Build configuration list for PBXNativeTarget "PhotographyChannelUITests" */;
			buildPhases = (
				042B912B1CF6982C005972B7 /* Sources */,
				042B912C1CF6982C005972B7 /* Frameworks */,
				042B912D1CF6982C005972B7 /* Resources */,
			);
			buildRules = (
			);
			dependencies = (
				042B91311CF6982C005972B7 /* PBXTargetDependency */,
			);
			name = PhotographyChannelUITests;
			productName = PhotographyChannelUITests;
			productReference = 042B912F1CF6982C005972B7 /* PhotographyChannelUITests.xctest */;
			productType = "com.apple.product-type.bundle.ui-testing";
		};
/* End PBXNativeTarget section */

/* Begin PBXProject section */
		042B91001CF6982C005972B7 /* Project object */ = {
			isa = PBXProject;
			attributes = {
				LastUpgradeCheck = 0720;
				ORGANIZATIONNAME = "Neil Wang";
				TargetAttributes = {
					042B91071CF6982C005972B7 = {
						CreatedOnToolsVersion = 7.2;
					};
					042B91231CF6982C005972B7 = {
						CreatedOnToolsVersion = 7.2;
						TestTargetID = 042B91071CF6982C005972B7;
					};
					042B912E1CF6982C005972B7 = {
						CreatedOnToolsVersion = 7.2;
						TestTargetID = 042B91071CF6982C005972B7;
					};
				};
			};
			buildConfigurationList = 042B91031CF6982C005972B7 /* Build configuration list for PBXProject "PhotographyChannel" */;
			compatibilityVersion = "Xcode 3.2";
			developmentRegion = English;
			hasScannedForEncodings = 0;
			knownRegions = (
				en,
				Base,
			);
			mainGroup = 042B90FF1CF6982C005972B7;
			productRefGroup = 042B91091CF6982C005972B7 /* Products */;
			projectDirPath = "";
			projectRoot = "";
			targets = (
				042B91071CF6982C005972B7 /* PhotographyChannel */,
				042B91231CF6982C005972B7 /* PhotographyChannelTests */,
				042B912E1CF6982C005972B7 /* PhotographyChannelUITests */,
			);
		};
/* End PBXProject section */

/* Begin PBXResourcesBuildPhase section */
		042B91061CF6982C005972B7 /* Resources */ = {
			isa = PBXResourcesBuildPhase;
			buildActionMask = 2147483647;
			files = (
				042B91BB1CF848EA005972B7 /* Login.storyboard in Resources */,
				042B911E1CF6982C005972B7 /* LaunchScreen.storyboard in Resources */,
				042B911B1CF6982C005972B7 /* Assets.xcassets in Resources */,
				042B91161CF6982C005972B7 /* Main.storyboard in Resources */,
			);
			runOnlyForDeploymentPostprocessing = 0;
		};
		042B91221CF6982C005972B7 /* Resources */ = {
			isa = PBXResourcesBuildPhase;
			buildActionMask = 2147483647;
			files = (
			);
			runOnlyForDeploymentPostprocessing = 0;
		};
		042B912D1CF6982C005972B7 /* Resources */ = {
			isa = PBXResourcesBuildPhase;
			buildActionMask = 2147483647;
			files = (
			);
			runOnlyForDeploymentPostprocessing = 0;
		};
/* End PBXResourcesBuildPhase section */

/* Begin PBXShellScriptBuildPhase section */
		199B9C4D80A82497CA4DD61A /* 📦 Check Pods Manifest.lock */ = {
			isa = PBXShellScriptBuildPhase;
			buildActionMask = 2147483647;
			files = (
			);
			inputPaths = (
			);
			name = "📦 Check Pods Manifest.lock";
			outputPaths = (
			);
			runOnlyForDeploymentPostprocessing = 0;
			shellPath = /bin/sh;
			shellScript = "diff \"${PODS_ROOT}/../Podfile.lock\" \"${PODS_ROOT}/Manifest.lock\" > /dev/null\nif [[ $? != 0 ]] ; then\n    cat << EOM\nerror: The sandbox is not in sync with the Podfile.lock. Run 'pod install' or update your CocoaPods installation.\nEOM\n    exit 1\nfi\n";
			showEnvVarsInLog = 0;
		};
		5496C8CDBC0662783CD5B523 /* 📦 Embed Pods Frameworks */ = {
			isa = PBXShellScriptBuildPhase;
			buildActionMask = 2147483647;
			files = (
			);
			inputPaths = (
			);
			name = "📦 Embed Pods Frameworks";
			outputPaths = (
			);
			runOnlyForDeploymentPostprocessing = 0;
			shellPath = /bin/sh;
			shellScript = "\"${SRCROOT}/Pods/Target Support Files/Pods-PhotographyChannel/Pods-PhotographyChannel-frameworks.sh\"\n";
			showEnvVarsInLog = 0;
		};
		EF677A10AB7DA4F34BC644BF /* 📦 Copy Pods Resources */ = {
			isa = PBXShellScriptBuildPhase;
			buildActionMask = 2147483647;
			files = (
			);
			inputPaths = (
			);
			name = "📦 Copy Pods Resources";
			outputPaths = (
			);
			runOnlyForDeploymentPostprocessing = 0;
			shellPath = /bin/sh;
			shellScript = "\"${SRCROOT}/Pods/Target Support Files/Pods-PhotographyChannel/Pods-PhotographyChannel-resources.sh\"\n";
			showEnvVarsInLog = 0;
		};
/* End PBXShellScriptBuildPhase section */

/* Begin PBXSourcesBuildPhase section */
		042B91041CF6982C005972B7 /* Sources */ = {
			isa = PBXSourcesBuildPhase;
			buildActionMask = 2147483647;
			files = (
				042B91881CF8252C005972B7 /* MyAlbumViewController.m in Sources */,
				042B91861CF8252C005972B7 /* LeftSlidViewController.m in Sources */,
				042B91891CF8252C005972B7 /* PersonalCenterViewController.m in Sources */,
				042B91191CF6982C005972B7 /* PhotographyChannel.xcdatamodeld in Sources */,
				042B918C1CF8252C005972B7 /* PersonalCenterHeadView.m in Sources */,
				042B918D1CF8252C005972B7 /* PersonalCenterTableViewCell.m in Sources */,
				042B918B1CF8252C005972B7 /* UserInfoModel.m in Sources */,
				042B91B91CF843A5005972B7 /* NetRequestParameter.m in Sources */,
				042B91AC1CF83E4F005972B7 /* NSString+Extension.m in Sources */,
				042B91AB1CF83E4F005972B7 /* NSObject+Extension.m in Sources */,
				042B918A1CF8252C005972B7 /* PersonalCenterUIModel.m in Sources */,
				042B91B81CF843A5005972B7 /* NetRequestInterface.m in Sources */,
				042B91AE1CF83E4F005972B7 /* UIView+Extension.m in Sources */,
				042B91AD1CF83E4F005972B7 /* UIBarButtonItem+Extension.m in Sources */,
				042B91871CF8252C005972B7 /* main.m in Sources */,
				042B91BF1CF8497D005972B7 /* LoginViewController.m in Sources */,
				042B91851CF8252C005972B7 /* AppDelegate.m in Sources */,
				042B91AF1CF83E4F005972B7 /* UPPayPluginProSDKNeedObj.mm in Sources */,
				042B91B21CF83F72005972B7 /* SettingViewController.m in Sources */,
			);
			runOnlyForDeploymentPostprocessing = 0;
		};
		042B91201CF6982C005972B7 /* Sources */ = {
			isa = PBXSourcesBuildPhase;
			buildActionMask = 2147483647;
			files = (
				042B91291CF6982C005972B7 /* PhotographyChannelTests.m in Sources */,
			);
			runOnlyForDeploymentPostprocessing = 0;
		};
		042B912B1CF6982C005972B7 /* Sources */ = {
			isa = PBXSourcesBuildPhase;
			buildActionMask = 2147483647;
			files = (
				042B91341CF6982C005972B7 /* PhotographyChannelUITests.m in Sources */,
			);
			runOnlyForDeploymentPostprocessing = 0;
		};
/* End PBXSourcesBuildPhase section */

/* Begin PBXTargetDependency section */
		042B91261CF6982C005972B7 /* PBXTargetDependency */ = {
			isa = PBXTargetDependency;
			target = 042B91071CF6982C005972B7 /* PhotographyChannel */;
			targetProxy = 042B91251CF6982C005972B7 /* PBXContainerItemProxy */;
		};
		042B91311CF6982C005972B7 /* PBXTargetDependency */ = {
			isa = PBXTargetDependency;
			target = 042B91071CF6982C005972B7 /* PhotographyChannel */;
			targetProxy = 042B91301CF6982C005972B7 /* PBXContainerItemProxy */;
		};
/* End PBXTargetDependency section */

/* Begin PBXVariantGroup section */
		042B91141CF6982C005972B7 /* Main.storyboard */ = {
			isa = PBXVariantGroup;
			children = (
				042B91151CF6982C005972B7 /* Base */,
			);
			name = Main.storyboard;
			sourceTree = "<group>";
		};
		042B911C1CF6982C005972B7 /* LaunchScreen.storyboard */ = {
			isa = PBXVariantGroup;
			children = (
				042B911D1CF6982C005972B7 /* Base */,
			);
			name = LaunchScreen.storyboard;
			sourceTree = "<group>";
		};
/* End PBXVariantGroup section */

/* Begin XCBuildConfiguration section */
		042B91361CF6982C005972B7 /* Debug */ = {
			isa = XCBuildConfiguration;
			buildSettings = {
				ALWAYS_SEARCH_USER_PATHS = NO;
				CLANG_CXX_LANGUAGE_STANDARD = "gnu++0x";
				CLANG_CXX_LIBRARY = "libc++";
				CLANG_ENABLE_MODULES = YES;
				CLANG_ENABLE_OBJC_ARC = YES;
				CLANG_WARN_BOOL_CONVERSION = YES;
				CLANG_WARN_CONSTANT_CONVERSION = YES;
				CLANG_WARN_DIRECT_OBJC_ISA_USAGE = YES_ERROR;
				CLANG_WARN_EMPTY_BODY = YES;
				CLANG_WARN_ENUM_CONVERSION = YES;
				CLANG_WARN_INT_CONVERSION = YES;
				CLANG_WARN_OBJC_ROOT_CLASS = YES_ERROR;
				CLANG_WARN_UNREACHABLE_CODE = YES;
				CLANG_WARN__DUPLICATE_METHOD_MATCH = YES;
				"CODE_SIGN_IDENTITY[sdk=iphoneos*]" = "iPhone Developer";
				COPY_PHASE_STRIP = NO;
				DEBUG_INFORMATION_FORMAT = dwarf;
				ENABLE_STRICT_OBJC_MSGSEND = YES;
				ENABLE_TESTABILITY = YES;
				GCC_C_LANGUAGE_STANDARD = gnu99;
				GCC_DYNAMIC_NO_PIC = NO;
				GCC_NO_COMMON_BLOCKS = YES;
				GCC_OPTIMIZATION_LEVEL = 0;
				GCC_PREPROCESSOR_DEFINITIONS = (
					"DEBUG=1",
					"$(inherited)",
				);
				GCC_WARN_64_TO_32_BIT_CONVERSION = YES;
				GCC_WARN_ABOUT_RETURN_TYPE = YES_ERROR;
				GCC_WARN_UNDECLARED_SELECTOR = YES;
				GCC_WARN_UNINITIALIZED_AUTOS = YES_AGGRESSIVE;
				GCC_WARN_UNUSED_FUNCTION = YES;
				GCC_WARN_UNUSED_VARIABLE = YES;
				IPHONEOS_DEPLOYMENT_TARGET = 9.2;
				MTL_ENABLE_DEBUG_INFO = YES;
				ONLY_ACTIVE_ARCH = YES;
				SDKROOT = iphoneos;
			};
			name = Debug;
		};
		042B91371CF6982C005972B7 /* Release */ = {
			isa = XCBuildConfiguration;
			buildSettings = {
				ALWAYS_SEARCH_USER_PATHS = NO;
				CLANG_CXX_LANGUAGE_STANDARD = "gnu++0x";
				CLANG_CXX_LIBRARY = "libc++";
				CLANG_ENABLE_MODULES = YES;
				CLANG_ENABLE_OBJC_ARC = YES;
				CLANG_WARN_BOOL_CONVERSION = YES;
				CLANG_WARN_CONSTANT_CONVERSION = YES;
				CLANG_WARN_DIRECT_OBJC_ISA_USAGE = YES_ERROR;
				CLANG_WARN_EMPTY_BODY = YES;
				CLANG_WARN_ENUM_CONVERSION = YES;
				CLANG_WARN_INT_CONVERSION = YES;
				CLANG_WARN_OBJC_ROOT_CLASS = YES_ERROR;
				CLANG_WARN_UNREACHABLE_CODE = YES;
				CLANG_WARN__DUPLICATE_METHOD_MATCH = YES;
				"CODE_SIGN_IDENTITY[sdk=iphoneos*]" = "iPhone Developer";
				COPY_PHASE_STRIP = NO;
				DEBUG_INFORMATION_FORMAT = "dwarf-with-dsym";
				ENABLE_NS_ASSERTIONS = NO;
				ENABLE_STRICT_OBJC_MSGSEND = YES;
				GCC_C_LANGUAGE_STANDARD = gnu99;
				GCC_NO_COMMON_BLOCKS = YES;
				GCC_WARN_64_TO_32_BIT_CONVERSION = YES;
				GCC_WARN_ABOUT_RETURN_TYPE = YES_ERROR;
				GCC_WARN_UNDECLARED_SELECTOR = YES;
				GCC_WARN_UNINITIALIZED_AUTOS = YES_AGGRESSIVE;
				GCC_WARN_UNUSED_FUNCTION = YES;
				GCC_WARN_UNUSED_VARIABLE = YES;
				IPHONEOS_DEPLOYMENT_TARGET = 9.2;
				MTL_ENABLE_DEBUG_INFO = NO;
				SDKROOT = iphoneos;
				VALIDATE_PRODUCT = YES;
			};
			name = Release;
		};
		042B91391CF6982C005972B7 /* Debug */ = {
			isa = XCBuildConfiguration;
			baseConfigurationReference = E1DE96D54621D4FE0DAF5940 /* Pods-PhotographyChannel.debug.xcconfig */;
			buildSettings = {
				ASSETCATALOG_COMPILER_APPICON_NAME = AppIcon;
				GCC_PRECOMPILE_PREFIX_HEADER = YES;
				GCC_PREFIX_HEADER = "$(SRCROOT)/PhotographyChannel/PrefixHeader.pch";
				INFOPLIST_FILE = PhotographyChannel/Info.plist;
				LD_RUNPATH_SEARCH_PATHS = "$(inherited) @executable_path/Frameworks";
				PRODUCT_BUNDLE_IDENTIFIER = com.changhong.user2.PhotographyChannel;
				PRODUCT_NAME = "$(TARGET_NAME)";
			};
			name = Debug;
		};
		042B913A1CF6982C005972B7 /* Release */ = {
			isa = XCBuildConfiguration;
			baseConfigurationReference = 2DAB1C546C15C43A73A90DD3 /* Pods-PhotographyChannel.release.xcconfig */;
			buildSettings = {
				ASSETCATALOG_COMPILER_APPICON_NAME = AppIcon;
				GCC_PRECOMPILE_PREFIX_HEADER = YES;
				GCC_PREFIX_HEADER = "$(SRCROOT)/PhotographyChannel/PrefixHeader.pch";
				INFOPLIST_FILE = PhotographyChannel/Info.plist;
				LD_RUNPATH_SEARCH_PATHS = "$(inherited) @executable_path/Frameworks";
				PRODUCT_BUNDLE_IDENTIFIER = com.changhong.user2.PhotographyChannel;
				PRODUCT_NAME = "$(TARGET_NAME)";
			};
			name = Release;
		};
		042B913C1CF6982C005972B7 /* Debug */ = {
			isa = XCBuildConfiguration;
			buildSettings = {
				BUNDLE_LOADER = "$(TEST_HOST)";
				INFOPLIST_FILE = PhotographyChannelTests/Info.plist;
				LD_RUNPATH_SEARCH_PATHS = "$(inherited) @executable_path/Frameworks @loader_path/Frameworks";
				PRODUCT_BUNDLE_IDENTIFIER = com.changhong.user2.PhotographyChannelTests;
				PRODUCT_NAME = "$(TARGET_NAME)";
				TEST_HOST = "$(BUILT_PRODUCTS_DIR)/PhotographyChannel.app/PhotographyChannel";
			};
			name = Debug;
		};
		042B913D1CF6982C005972B7 /* Release */ = {
			isa = XCBuildConfiguration;
			buildSettings = {
				BUNDLE_LOADER = "$(TEST_HOST)";
				INFOPLIST_FILE = PhotographyChannelTests/Info.plist;
				LD_RUNPATH_SEARCH_PATHS = "$(inherited) @executable_path/Frameworks @loader_path/Frameworks";
				PRODUCT_BUNDLE_IDENTIFIER = com.changhong.user2.PhotographyChannelTests;
				PRODUCT_NAME = "$(TARGET_NAME)";
				TEST_HOST = "$(BUILT_PRODUCTS_DIR)/PhotographyChannel.app/PhotographyChannel";
			};
			name = Release;
		};
		042B913F1CF6982C005972B7 /* Debug */ = {
			isa = XCBuildConfiguration;
			buildSettings = {
				INFOPLIST_FILE = PhotographyChannelUITests/Info.plist;
				LD_RUNPATH_SEARCH_PATHS = "$(inherited) @executable_path/Frameworks @loader_path/Frameworks";
				PRODUCT_BUNDLE_IDENTIFIER = com.changhong.user2.PhotographyChannelUITests;
				PRODUCT_NAME = "$(TARGET_NAME)";
				TEST_TARGET_NAME = PhotographyChannel;
				USES_XCTRUNNER = YES;
			};
			name = Debug;
		};
		042B91401CF6982C005972B7 /* Release */ = {
			isa = XCBuildConfiguration;
			buildSettings = {
				INFOPLIST_FILE = PhotographyChannelUITests/Info.plist;
				LD_RUNPATH_SEARCH_PATHS = "$(inherited) @executable_path/Frameworks @loader_path/Frameworks";
				PRODUCT_BUNDLE_IDENTIFIER = com.changhong.user2.PhotographyChannelUITests;
				PRODUCT_NAME = "$(TARGET_NAME)";
				TEST_TARGET_NAME = PhotographyChannel;
				USES_XCTRUNNER = YES;
			};
			name = Release;
		};
/* End XCBuildConfiguration section */

/* Begin XCConfigurationList section */
		042B91031CF6982C005972B7 /* Build configuration list for PBXProject "PhotographyChannel" */ = {
			isa = XCConfigurationList;
			buildConfigurations = (
				042B91361CF6982C005972B7 /* Debug */,
				042B91371CF6982C005972B7 /* Release */,
			);
			defaultConfigurationIsVisible = 0;
			defaultConfigurationName = Release;
		};
		042B91381CF6982C005972B7 /* Build configuration list for PBXNativeTarget "PhotographyChannel" */ = {
			isa = XCConfigurationList;
			buildConfigurations = (
				042B91391CF6982C005972B7 /* Debug */,
				042B913A1CF6982C005972B7 /* Release */,
			);
			defaultConfigurationIsVisible = 0;
			defaultConfigurationName = Release;
		};
		042B913B1CF6982C005972B7 /* Build configuration list for PBXNativeTarget "PhotographyChannelTests" */ = {
			isa = XCConfigurationList;
			buildConfigurations = (
				042B913C1CF6982C005972B7 /* Debug */,
				042B913D1CF6982C005972B7 /* Release */,
			);
			defaultConfigurationIsVisible = 0;
			defaultConfigurationName = Release;
		};
		042B913E1CF6982C005972B7 /* Build configuration list for PBXNativeTarget "PhotographyChannelUITests" */ = {
			isa = XCConfigurationList;
			buildConfigurations = (
				042B913F1CF6982C005972B7 /* Debug */,
				042B91401CF6982C005972B7 /* Release */,
			);
			defaultConfigurationIsVisible = 0;
			defaultConfigurationName = Release;
		};
/* End XCConfigurationList section */

/* Begin XCVersionGroup section */
		042B91171CF6982C005972B7 /* PhotographyChannel.xcdatamodeld */ = {
			isa = XCVersionGroup;
			children = (
				042B91181CF6982C005972B7 /* PhotographyChannel.xcdatamodel */,
			);
			currentVersion = 042B91181CF6982C005972B7 /* PhotographyChannel.xcdatamodel */;
			path = PhotographyChannel.xcdatamodeld;
			sourceTree = "<group>";
			versionGroupType = wrapper.xcdatamodel;
		};
/* End XCVersionGroup section */
	};
	rootObject = 042B91001CF6982C005972B7 /* Project object */;
}
